
Microsoft Visual Studio Solution File, Format Version 12.00
# Visual Studio Version 18
VisualStudioVersion = 18.2.11415.280
MinimumVisualStudioVersion = 10.0.40219.1
Project("{FAE04EC0-301F-11D3-BF4B-00C04F79EFBC}") = "AruroaBlazor", "AruroaBlazor\AruroaBlazor.csproj", "{B79DC279-0A75-460F-8D79-2B1603DCC33A}"
EndProject
Project("{FAE04EC0-301F-11D3-BF4B-00C04F79EFBC}") = "DBL", "DBL\DBL.csproj", "{185C5713-F4C2-4EB2-9096-01FC63D0B93B}"
EndProject
Project("{FAE04EC0-301F-11D3-BF4B-00C04F79EFBC}") = "Models", "Models\Models.csproj", "{4EEE2C0B-7396-401A-835A-C1E08BD36850}"
EndProject
Project("{FAE04EC0-301F-11D3-BF4B-00C04F79EFBC}") = "UnitTesting", "UnitTesting\UnitTesting.csproj", "{1A512A6F-7267-4351-8B21-61F3BCF8A3BF}"
EndProject
Project("{FAE04EC0-301F-11D3-BF4B-00C04F79EFBC}") = "SongManagment", "SongManagment\SongManagment.csproj", "{F95909DF-EC59-47BA-8CCB-9012EE3D7930}"
EndProject
Project("{2150E333-8FDC-42A3-9474-1A3956D46DE8}") = "saveHereDB", "saveHereDB", "{2DACF2E8-5F28-46BA-BA9A-9C8D99293B9F}"
	ProjectSection(SolutionItems) = preProject
		a.txt = a.txt
	EndProjectSection
EndProject
Project("{FAE04EC0-301F-11D3-BF4B-00C04F79EFBC}") = "Services", "Services\Services.csproj", "{79D9757E-9A99-4CA8-BA4C-9A4AC3B1A49F}"
EndProject
Global
	GlobalSection(SolutionConfigurationPlatforms) = preSolution
		Debug|Any CPU = Debug|Any CPU
		Release|Any CPU = Release|Any CPU
	EndGlobalSection
	GlobalSection(ProjectConfigurationPlatforms) = postSolution
		{B79DC279-0A75-460F-8D79-2B1603DCC33A}.Debug|Any CPU.ActiveCfg = Debug|Any CPU
		{B79DC279-0A75-460F-8D79-2B1603DCC33A}.Debug|Any CPU.Build.0 = Debug|Any CPU
		{B79DC279-0A75-460F-8D79-2B1603DCC33A}.Release|Any CPU.ActiveCfg = Release|Any CPU
		{B79DC279-0A75-460F-8D79-2B1603DCC33A}.Release|Any CPU.Build.0 = Release|Any CPU
		{185C5713-F4C2-4EB2-9096-01FC63D0B93B}.Debug|Any CPU.ActiveCfg = Debug|Any CPU
		{185C5713-F4C2-4EB2-9096-01FC63D0B93B}.Debug|Any CPU.Build.0 = Debug|Any CPU
		{185C5713-F4C2-4EB2-9096-01FC63D0B93B}.Release|Any CPU.ActiveCfg = Release|Any CPU
		{185C5713-F4C2-4EB2-9096-01FC63D0B93B}.Release|Any CPU.Build.0 = Release|Any CPU
		{4EEE2C0B-7396-401A-835A-C1E08BD36850}.Debug|Any CPU.ActiveCfg = Debug|Any CPU
		{4EEE2C0B-7396-401A-835A-C1E08BD36850}.Debug|Any CPU.Build.0 = Debug|Any CPU
		{4EEE2C0B-7396-401A-835A-C1E08BD36850}.Release|Any CPU.ActiveCfg = Release|Any CPU
		{4EEE2C0B-7396-401A-835A-C1E08BD36850}.Release|Any CPU.Build.0 = Release|Any CPU
		{1A512A6F-7267-4351-8B21-61F3BCF8A3BF}.Debug|Any CPU.ActiveCfg = Debug|Any CPU
		{1A512A6F-7267-4351-8B21-61F3BCF8A3BF}.Debug|Any CPU.Build.0 = Debug|Any CPU
		{1A512A6F-7267-4351-8B21-61F3BCF8A3BF}.Release|Any CPU.ActiveCfg = Release|Any CPU
		{1A512A6F-7267-4351-8B21-61F3BCF8A3BF}.Release|Any CPU.Build.0 = Release|Any CPU
		{F95909DF-EC59-47BA-8CCB-9012EE3D7930}.Debug|Any CPU.ActiveCfg = Debug|Any CPU
		{F95909DF-EC59-47BA-8CCB-9012EE3D7930}.Debug|Any CPU.Build.0 = Debug|Any CPU
		{F95909DF-EC59-47BA-8CCB-9012EE3D7930}.Release|Any CPU.ActiveCfg = Release|Any CPU
		{F95909DF-EC59-47BA-8CCB-9012EE3D7930}.Release|Any CPU.Build.0 = Release|Any CPU
		{79D9757E-9A99-4CA8-BA4C-9A4AC3B1A49F}.Debug|Any CPU.ActiveCfg = Debug|Any CPU
		{79D9757E-9A99-4CA8-BA4C-9A4AC3B1A49F}.Debug|Any CPU.Build.0 = Debug|Any CPU
		{79D9757E-9A99-4CA8-BA4C-9A4AC3B1A49F}.Release|Any CPU.ActiveCfg = Release|Any CPU
		{79D9757E-9A99-4CA8-BA4C-9A4AC3B1A49F}.Release|Any CPU.Build.0 = Release|Any CPU
	EndGlobalSection
	GlobalSection(SolutionProperties) = preSolution
		HideSolutionNode = FALSE
	EndGlobalSection
	GlobalSection(ExtensibilityGlobals) = postSolution
		SolutionGuid = {0F699F87-AD3D-48ED-B860-2C2B4185A482}
	EndGlobalSection
EndGlobal
